// !$*UTF8*$!
{
	archiveVersion = 1;
	classes = {
	};
	objectVersion = 55;
	objects = {

/* Begin PBXBuildFile section */
		E22B8B4928A144D300AEC4CB /* CreateNavigationController.swift in Sources */ = {isa = PBXBuildFile; fileRef = E22B8B4828A144D300AEC4CB /* CreateNavigationController.swift */; };
		E23A5B0E28A1551300A9E3DE /* UIAlertController.swift in Sources */ = {isa = PBXBuildFile; fileRef = E23A5B0D28A1551300A9E3DE /* UIAlertController.swift */; };
		E25E817828A0D9E000EADCE4 /* FirebaseAuth.swift in Sources */ = {isa = PBXBuildFile; fileRef = E25E817728A0D9E000EADCE4 /* FirebaseAuth.swift */; };
		E25E817A28A0DCBA00EADCE4 /* ValidateAuth.swift in Sources */ = {isa = PBXBuildFile; fileRef = E25E817928A0DCBA00EADCE4 /* ValidateAuth.swift */; };
		E25E817C28A0E36600EADCE4 /* ErrorAuth.swift in Sources */ = {isa = PBXBuildFile; fileRef = E25E817B28A0E36600EADCE4 /* ErrorAuth.swift */; };
		E25E817E28A0F16900EADCE4 /* UIButton.swift in Sources */ = {isa = PBXBuildFile; fileRef = E25E817D28A0F16900EADCE4 /* UIButton.swift */; };
		E25E818028A0FB7400EADCE4 /* SignUpViewController.swift in Sources */ = {isa = PBXBuildFile; fileRef = E25E817F28A0FB7400EADCE4 /* SignUpViewController.swift */; };
		E25E818228A0FBEC00EADCE4 /* SignInViewController.swift in Sources */ = {isa = PBXBuildFile; fileRef = E25E818128A0FBEC00EADCE4 /* SignInViewController.swift */; };
		E25E818428A1068900EADCE4 /* UITextField.swift in Sources */ = {isa = PBXBuildFile; fileRef = E25E818328A1068900EADCE4 /* UITextField.swift */; };
		E25E818628A10AEA00EADCE4 /* UIStackView.swift in Sources */ = {isa = PBXBuildFile; fileRef = E25E818528A10AEA00EADCE4 /* UIStackView.swift */; };
		E291E8C128A0406C008F0C0C /* AppDelegate.swift in Sources */ = {isa = PBXBuildFile; fileRef = E291E8C028A0406C008F0C0C /* AppDelegate.swift */; };
		E291E8C328A0406C008F0C0C /* SceneDelegate.swift in Sources */ = {isa = PBXBuildFile; fileRef = E291E8C228A0406C008F0C0C /* SceneDelegate.swift */; };
		E291E8C528A0406C008F0C0C /* TaskListViewController.swift in Sources */ = {isa = PBXBuildFile; fileRef = E291E8C428A0406C008F0C0C /* TaskListViewController.swift */; };
		E291E8CA28A0406F008F0C0C /* Assets.xcassets in Resources */ = {isa = PBXBuildFile; fileRef = E291E8C928A0406F008F0C0C /* Assets.xcassets */; };
		E291E8CD28A0406F008F0C0C /* LaunchScreen.storyboard in Resources */ = {isa = PBXBuildFile; fileRef = E291E8CB28A0406F008F0C0C /* LaunchScreen.storyboard */; };
		E291E8D628A042E5008F0C0C /* StartViewController.swift in Sources */ = {isa = PBXBuildFile; fileRef = E291E8D528A042E5008F0C0C /* StartViewController.swift */; };
		E291E8DB28A04497008F0C0C /* FontSetup.swift in Sources */ = {isa = PBXBuildFile; fileRef = E291E8DA28A04497008F0C0C /* FontSetup.swift */; };
		E291E8DE28A045D3008F0C0C /* UILabel.swift in Sources */ = {isa = PBXBuildFile; fileRef = E291E8DD28A045D3008F0C0C /* UILabel.swift */; };
		E291E8E328A04991008F0C0C /* FirebaseAuth in Frameworks */ = {isa = PBXBuildFile; productRef = E291E8E228A04991008F0C0C /* FirebaseAuth */; };
		E291E8E528A04991008F0C0C /* FirebaseDatabase in Frameworks */ = {isa = PBXBuildFile; productRef = E291E8E428A04991008F0C0C /* FirebaseDatabase */; };
		E291E8E728A04991008F0C0C /* FirebaseFirestore in Frameworks */ = {isa = PBXBuildFile; productRef = E291E8E628A04991008F0C0C /* FirebaseFirestore */; };
		E291E8E928A04991008F0C0C /* FirebaseStorage in Frameworks */ = {isa = PBXBuildFile; productRef = E291E8E828A04991008F0C0C /* FirebaseStorage */; };
		E2D0526628A12AB9000F2363 /* AuthTransitionProtocol.swift in Sources */ = {isa = PBXBuildFile; fileRef = E2D0526528A12AB9000F2363 /* AuthTransitionProtocol.swift */; };
		E2F8B8F328A115E9006AB44F /* FirebaseAuth in Frameworks */ = {isa = PBXBuildFile; productRef = E2F8B8F228A115E9006AB44F /* FirebaseAuth */; };
		E2F8B8F528A115E9006AB44F /* FirebaseDatabase in Frameworks */ = {isa = PBXBuildFile; productRef = E2F8B8F428A115E9006AB44F /* FirebaseDatabase */; };
		E2F8B8F728A115E9006AB44F /* FirebaseFirestore in Frameworks */ = {isa = PBXBuildFile; productRef = E2F8B8F628A115E9006AB44F /* FirebaseFirestore */; };
		E2F8B8F928A115E9006AB44F /* FirebaseStorage in Frameworks */ = {isa = PBXBuildFile; productRef = E2F8B8F828A115E9006AB44F /* FirebaseStorage */; };
		EC1394CD28A4D9AB00BED003 /* UserModel.swift in Sources */ = {isa = PBXBuildFile; fileRef = EC1394CC28A4D9AB00BED003 /* UserModel.swift */; };
		EC1394CF28A4DA5C00BED003 /* GoogleService-Info.plist in Resources */ = {isa = PBXBuildFile; fileRef = EC1394CE28A4DA5C00BED003 /* GoogleService-Info.plist */; };
		EC1394D128A4DB5D00BED003 /* FirebaseFirestore.swift in Sources */ = {isa = PBXBuildFile; fileRef = EC1394D028A4DB5D00BED003 /* FirebaseFirestore.swift */; };
		EC1394D328A4DE4600BED003 /* ErrorUser.swift in Sources */ = {isa = PBXBuildFile; fileRef = EC1394D228A4DE4600BED003 /* ErrorUser.swift */; };
/* End PBXBuildFile section */

/* Begin PBXFileReference section */
		E22B8B4828A144D300AEC4CB /* CreateNavigationController.swift */ = {isa = PBXFileReference; lastKnownFileType = sourcecode.swift; path = CreateNavigationController.swift; sourceTree = "<group>"; };
		E23A5B0D28A1551300A9E3DE /* UIAlertController.swift */ = {isa = PBXFileReference; lastKnownFileType = sourcecode.swift; path = UIAlertController.swift; sourceTree = "<group>"; };
		E25E817728A0D9E000EADCE4 /* FirebaseAuth.swift */ = {isa = PBXFileReference; lastKnownFileType = sourcecode.swift; path = FirebaseAuth.swift; sourceTree = "<group>"; };
		E25E817928A0DCBA00EADCE4 /* ValidateAuth.swift */ = {isa = PBXFileReference; lastKnownFileType = sourcecode.swift; path = ValidateAuth.swift; sourceTree = "<group>"; };
		E25E817B28A0E36600EADCE4 /* ErrorAuth.swift */ = {isa = PBXFileReference; lastKnownFileType = sourcecode.swift; path = ErrorAuth.swift; sourceTree = "<group>"; };
		E25E817D28A0F16900EADCE4 /* UIButton.swift */ = {isa = PBXFileReference; lastKnownFileType = sourcecode.swift; path = UIButton.swift; sourceTree = "<group>"; };
		E25E817F28A0FB7400EADCE4 /* SignUpViewController.swift */ = {isa = PBXFileReference; lastKnownFileType = sourcecode.swift; path = SignUpViewController.swift; sourceTree = "<group>"; };
		E25E818128A0FBEC00EADCE4 /* SignInViewController.swift */ = {isa = PBXFileReference; lastKnownFileType = sourcecode.swift; path = SignInViewController.swift; sourceTree = "<group>"; };
		E25E818328A1068900EADCE4 /* UITextField.swift */ = {isa = PBXFileReference; lastKnownFileType = sourcecode.swift; path = UITextField.swift; sourceTree = "<group>"; };
		E25E818528A10AEA00EADCE4 /* UIStackView.swift */ = {isa = PBXFileReference; lastKnownFileType = sourcecode.swift; path = UIStackView.swift; sourceTree = "<group>"; };
		E291E8BD28A0406C008F0C0C /* YoMarks.app */ = {isa = PBXFileReference; explicitFileType = wrapper.application; includeInIndex = 0; path = YoMarks.app; sourceTree = BUILT_PRODUCTS_DIR; };
		E291E8C028A0406C008F0C0C /* AppDelegate.swift */ = {isa = PBXFileReference; lastKnownFileType = sourcecode.swift; path = AppDelegate.swift; sourceTree = "<group>"; };
		E291E8C228A0406C008F0C0C /* SceneDelegate.swift */ = {isa = PBXFileReference; lastKnownFileType = sourcecode.swift; path = SceneDelegate.swift; sourceTree = "<group>"; };
		E291E8C428A0406C008F0C0C /* TaskListViewController.swift */ = {isa = PBXFileReference; lastKnownFileType = sourcecode.swift; path = TaskListViewController.swift; sourceTree = "<group>"; };
		E291E8C928A0406F008F0C0C /* Assets.xcassets */ = {isa = PBXFileReference; lastKnownFileType = folder.assetcatalog; path = Assets.xcassets; sourceTree = "<group>"; };
		E291E8CC28A0406F008F0C0C /* Base */ = {isa = PBXFileReference; lastKnownFileType = file.storyboard; name = Base; path = Base.lproj/LaunchScreen.storyboard; sourceTree = "<group>"; };
		E291E8CE28A0406F008F0C0C /* Info.plist */ = {isa = PBXFileReference; lastKnownFileType = text.plist.xml; path = Info.plist; sourceTree = "<group>"; };
		E291E8D528A042E5008F0C0C /* StartViewController.swift */ = {isa = PBXFileReference; lastKnownFileType = sourcecode.swift; path = StartViewController.swift; sourceTree = "<group>"; };
		E291E8DA28A04497008F0C0C /* FontSetup.swift */ = {isa = PBXFileReference; lastKnownFileType = sourcecode.swift; path = FontSetup.swift; sourceTree = "<group>"; };
		E291E8DD28A045D3008F0C0C /* UILabel.swift */ = {isa = PBXFileReference; lastKnownFileType = sourcecode.swift; path = UILabel.swift; sourceTree = "<group>"; };
		E2D0526528A12AB9000F2363 /* AuthTransitionProtocol.swift */ = {isa = PBXFileReference; lastKnownFileType = sourcecode.swift; path = AuthTransitionProtocol.swift; sourceTree = "<group>"; };
		EC1394CC28A4D9AB00BED003 /* UserModel.swift */ = {isa = PBXFileReference; lastKnownFileType = sourcecode.swift; path = UserModel.swift; sourceTree = "<group>"; };
		EC1394CE28A4DA5C00BED003 /* GoogleService-Info.plist */ = {isa = PBXFileReference; fileEncoding = 4; lastKnownFileType = text.plist.xml; path = "GoogleService-Info.plist"; sourceTree = "<group>"; };
		EC1394D028A4DB5D00BED003 /* FirebaseFirestore.swift */ = {isa = PBXFileReference; lastKnownFileType = sourcecode.swift; path = FirebaseFirestore.swift; sourceTree = "<group>"; };
		EC1394D228A4DE4600BED003 /* ErrorUser.swift */ = {isa = PBXFileReference; lastKnownFileType = sourcecode.swift; path = ErrorUser.swift; sourceTree = "<group>"; };
/* End PBXFileReference section */

/* Begin PBXFrameworksBuildPhase section */
		E291E8BA28A0406C008F0C0C /* Frameworks */ = {
			isa = PBXFrameworksBuildPhase;
			buildActionMask = 2147483647;
			files = (
				E2F8B8F528A115E9006AB44F /* FirebaseDatabase in Frameworks */,
				E291E8E528A04991008F0C0C /* FirebaseDatabase in Frameworks */,
				E2F8B8F328A115E9006AB44F /* FirebaseAuth in Frameworks */,
				E291E8E928A04991008F0C0C /* FirebaseStorage in Frameworks */,
				E291E8E328A04991008F0C0C /* FirebaseAuth in Frameworks */,
				E2F8B8F928A115E9006AB44F /* FirebaseStorage in Frameworks */,
				E291E8E728A04991008F0C0C /* FirebaseFirestore in Frameworks */,
				E2F8B8F728A115E9006AB44F /* FirebaseFirestore in Frameworks */,
			);
			runOnlyForDeploymentPostprocessing = 0;
		};
/* End PBXFrameworksBuildPhase section */

/* Begin PBXGroup section */
		E25E817528A0D96D00EADCE4 /* Services */ = {
			isa = PBXGroup;
			children = (
				E25E817628A0D98200EADCE4 /* Firebase */,
				E25E817928A0DCBA00EADCE4 /* ValidateAuth.swift */,
				E25E817B28A0E36600EADCE4 /* ErrorAuth.swift */,
				EC1394D228A4DE4600BED003 /* ErrorUser.swift */,
			);
			path = Services;
			sourceTree = "<group>";
		};
		E25E817628A0D98200EADCE4 /* Firebase */ = {
			isa = PBXGroup;
			children = (
				E25E817728A0D9E000EADCE4 /* FirebaseAuth.swift */,
				EC1394D028A4DB5D00BED003 /* FirebaseFirestore.swift */,
			);
			path = Firebase;
			sourceTree = "<group>";
		};
		E291E8B428A0406C008F0C0C = {
			isa = PBXGroup;
			children = (
				E291E8BF28A0406C008F0C0C /* YoMarks */,
				E291E8BE28A0406C008F0C0C /* Products */,
			);
			sourceTree = "<group>";
		};
		E291E8BE28A0406C008F0C0C /* Products */ = {
			isa = PBXGroup;
			children = (
				E291E8BD28A0406C008F0C0C /* YoMarks.app */,
			);
			name = Products;
			sourceTree = "<group>";
		};
		E291E8BF28A0406C008F0C0C /* YoMarks */ = {
			isa = PBXGroup;
			children = (
				E291E8D928A043A6008F0C0C /* Application */,
				EC1394CB28A4D9A000BED003 /* Model */,
				E291E8D728A04350008F0C0C /* Controllers */,
				E291E8EA28A04BC1008F0C0C /* Extensions */,
				E2D0526428A12A81000F2363 /* Protocols */,
				E25E817528A0D96D00EADCE4 /* Services */,
				E291E8D428A0427F008F0C0C /* Resources */,
			);
			path = YoMarks;
			sourceTree = "<group>";
		};
		E291E8D428A0427F008F0C0C /* Resources */ = {
			isa = PBXGroup;
			children = (
				E291E8C928A0406F008F0C0C /* Assets.xcassets */,
				E291E8CB28A0406F008F0C0C /* LaunchScreen.storyboard */,
				EC1394CE28A4DA5C00BED003 /* GoogleService-Info.plist */,
				E291E8CE28A0406F008F0C0C /* Info.plist */,
			);
			path = Resources;
			sourceTree = "<group>";
		};
		E291E8D728A04350008F0C0C /* Controllers */ = {
			isa = PBXGroup;
			children = (
				E291E8D828A04360008F0C0C /* Authorization */,
				E291E8C428A0406C008F0C0C /* TaskListViewController.swift */,
			);
			path = Controllers;
			sourceTree = "<group>";
		};
		E291E8D828A04360008F0C0C /* Authorization */ = {
			isa = PBXGroup;
			children = (
				E291E8D528A042E5008F0C0C /* StartViewController.swift */,
				E25E817F28A0FB7400EADCE4 /* SignUpViewController.swift */,
				E25E818128A0FBEC00EADCE4 /* SignInViewController.swift */,
			);
			path = Authorization;
			sourceTree = "<group>";
		};
		E291E8D928A043A6008F0C0C /* Application */ = {
			isa = PBXGroup;
			children = (
				E291E8C028A0406C008F0C0C /* AppDelegate.swift */,
				E291E8C228A0406C008F0C0C /* SceneDelegate.swift */,
			);
			path = Application;
			sourceTree = "<group>";
		};
		E291E8DC28A045CB008F0C0C /* UIKit */ = {
			isa = PBXGroup;
			children = (
				E291E8DD28A045D3008F0C0C /* UILabel.swift */,
				E25E817D28A0F16900EADCE4 /* UIButton.swift */,
				E25E818328A1068900EADCE4 /* UITextField.swift */,
				E25E818528A10AEA00EADCE4 /* UIStackView.swift */,
				E23A5B0D28A1551300A9E3DE /* UIAlertController.swift */,
			);
			path = UIKit;
			sourceTree = "<group>";
		};
		E291E8EA28A04BC1008F0C0C /* Extensions */ = {
			isa = PBXGroup;
			children = (
				E291E8DC28A045CB008F0C0C /* UIKit */,
				E291E8DA28A04497008F0C0C /* FontSetup.swift */,
				E22B8B4828A144D300AEC4CB /* CreateNavigationController.swift */,
			);
			path = Extensions;
			sourceTree = "<group>";
		};
		E2D0526428A12A81000F2363 /* Protocols */ = {
			isa = PBXGroup;
			children = (
				E2D0526528A12AB9000F2363 /* AuthTransitionProtocol.swift */,
			);
			path = Protocols;
			sourceTree = "<group>";
		};
		EC1394CB28A4D9A000BED003 /* Model */ = {
			isa = PBXGroup;
			children = (
				EC1394CC28A4D9AB00BED003 /* UserModel.swift */,
			);
			path = Model;
			sourceTree = "<group>";
		};
/* End PBXGroup section */

/* Begin PBXNativeTarget section */
		E291E8BC28A0406C008F0C0C /* YoMarks */ = {
			isa = PBXNativeTarget;
			buildConfigurationList = E291E8D128A0406F008F0C0C /* Build configuration list for PBXNativeTarget "YoMarks" */;
			buildPhases = (
				E291E8B928A0406C008F0C0C /* Sources */,
				E291E8BA28A0406C008F0C0C /* Frameworks */,
				E291E8BB28A0406C008F0C0C /* Resources */,
			);
			buildRules = (
			);
			dependencies = (
			);
			name = YoMarks;
			packageProductDependencies = (
				E291E8E228A04991008F0C0C /* FirebaseAuth */,
				E291E8E428A04991008F0C0C /* FirebaseDatabase */,
				E291E8E628A04991008F0C0C /* FirebaseFirestore */,
				E291E8E828A04991008F0C0C /* FirebaseStorage */,
				E2F8B8F228A115E9006AB44F /* FirebaseAuth */,
				E2F8B8F428A115E9006AB44F /* FirebaseDatabase */,
				E2F8B8F628A115E9006AB44F /* FirebaseFirestore */,
				E2F8B8F828A115E9006AB44F /* FirebaseStorage */,
			);
			productName = YoMarks;
			productReference = E291E8BD28A0406C008F0C0C /* YoMarks.app */;
			productType = "com.apple.product-type.application";
		};
/* End PBXNativeTarget section */

/* Begin PBXProject section */
		E291E8B528A0406C008F0C0C /* Project object */ = {
			isa = PBXProject;
			attributes = {
				BuildIndependentTargetsInParallel = 1;
				LastSwiftUpdateCheck = 1340;
				LastUpgradeCheck = 1340;
				TargetAttributes = {
					E291E8BC28A0406C008F0C0C = {
						CreatedOnToolsVersion = 13.4.1;
					};
				};
			};
			buildConfigurationList = E291E8B828A0406C008F0C0C /* Build configuration list for PBXProject "YoMarks" */;
			compatibilityVersion = "Xcode 13.0";
			developmentRegion = en;
			hasScannedForEncodings = 0;
			knownRegions = (
				en,
				Base,
			);
			mainGroup = E291E8B428A0406C008F0C0C;
			packageReferences = (
				E291E8E128A04991008F0C0C /* XCRemoteSwiftPackageReference "firebase-ios-sdk" */,
				E2F8B8F128A115E9006AB44F /* XCRemoteSwiftPackageReference "firebase-ios-sdk" */,
			);
			productRefGroup = E291E8BE28A0406C008F0C0C /* Products */;
			projectDirPath = "";
			projectRoot = "";
			targets = (
				E291E8BC28A0406C008F0C0C /* YoMarks */,
			);
		};
/* End PBXProject section */

/* Begin PBXResourcesBuildPhase section */
		E291E8BB28A0406C008F0C0C /* Resources */ = {
			isa = PBXResourcesBuildPhase;
			buildActionMask = 2147483647;
			files = (
				E291E8CD28A0406F008F0C0C /* LaunchScreen.storyboard in Resources */,
				E291E8CA28A0406F008F0C0C /* Assets.xcassets in Resources */,
				EC1394CF28A4DA5C00BED003 /* GoogleService-Info.plist in Resources */,
			);
			runOnlyForDeploymentPostprocessing = 0;
		};
/* End PBXResourcesBuildPhase section */

/* Begin PBXSourcesBuildPhase section */
		E291E8B928A0406C008F0C0C /* Sources */ = {
			isa = PBXSourcesBuildPhase;
			buildActionMask = 2147483647;
			files = (
				E25E818028A0FB7400EADCE4 /* SignUpViewController.swift in Sources */,
				E291E8C528A0406C008F0C0C /* TaskListViewController.swift in Sources */,
				E25E817A28A0DCBA00EADCE4 /* ValidateAuth.swift in Sources */,
				EC1394D328A4DE4600BED003 /* ErrorUser.swift in Sources */,
				E291E8DB28A04497008F0C0C /* FontSetup.swift in Sources */,
				E291E8C128A0406C008F0C0C /* AppDelegate.swift in Sources */,
				E25E818428A1068900EADCE4 /* UITextField.swift in Sources */,
				E22B8B4928A144D300AEC4CB /* CreateNavigationController.swift in Sources */,
				EC1394D128A4DB5D00BED003 /* FirebaseFirestore.swift in Sources */,
				E291E8D628A042E5008F0C0C /* StartViewController.swift in Sources */,
				E25E817E28A0F16900EADCE4 /* UIButton.swift in Sources */,
				E2D0526628A12AB9000F2363 /* AuthTransitionProtocol.swift in Sources */,
				E25E817C28A0E36600EADCE4 /* ErrorAuth.swift in Sources */,
				E25E818628A10AEA00EADCE4 /* UIStackView.swift in Sources */,
				E25E818228A0FBEC00EADCE4 /* SignInViewController.swift in Sources */,
				E291E8DE28A045D3008F0C0C /* UILabel.swift in Sources */,
				E25E817828A0D9E000EADCE4 /* FirebaseAuth.swift in Sources */,
				E291E8C328A0406C008F0C0C /* SceneDelegate.swift in Sources */,
				EC1394CD28A4D9AB00BED003 /* UserModel.swift in Sources */,
				E23A5B0E28A1551300A9E3DE /* UIAlertController.swift in Sources */,
			);
			runOnlyForDeploymentPostprocessing = 0;
		};
/* End PBXSourcesBuildPhase section */

/* Begin PBXVariantGroup section */
		E291E8CB28A0406F008F0C0C /* LaunchScreen.storyboard */ = {
			isa = PBXVariantGroup;
			children = (
				E291E8CC28A0406F008F0C0C /* Base */,
			);
			name = LaunchScreen.storyboard;
			sourceTree = "<group>";
		};
/* End PBXVariantGroup section */

/* Begin XCBuildConfiguration section */
		E291E8CF28A0406F008F0C0C /* Debug */ = {
			isa = XCBuildConfiguration;
			buildSettings = {
				ALWAYS_SEARCH_USER_PATHS = NO;
				CLANG_ANALYZER_NONNULL = YES;
				CLANG_ANALYZER_NUMBER_OBJECT_CONVERSION = YES_AGGRESSIVE;
				CLANG_CXX_LANGUAGE_STANDARD = "gnu++17";
				CLANG_ENABLE_MODULES = YES;
				CLANG_ENABLE_OBJC_ARC = YES;
				CLANG_ENABLE_OBJC_WEAK = YES;
				CLANG_WARN_BLOCK_CAPTURE_AUTORELEASING = YES;
				CLANG_WARN_BOOL_CONVERSION = YES;
				CLANG_WARN_COMMA = YES;
				CLANG_WARN_CONSTANT_CONVERSION = YES;
				CLANG_WARN_DEPRECATED_OBJC_IMPLEMENTATIONS = YES;
				CLANG_WARN_DIRECT_OBJC_ISA_USAGE = YES_ERROR;
				CLANG_WARN_DOCUMENTATION_COMMENTS = YES;
				CLANG_WARN_EMPTY_BODY = YES;
				CLANG_WARN_ENUM_CONVERSION = YES;
				CLANG_WARN_INFINITE_RECURSION = YES;
				CLANG_WARN_INT_CONVERSION = YES;
				CLANG_WARN_NON_LITERAL_NULL_CONVERSION = YES;
				CLANG_WARN_OBJC_IMPLICIT_RETAIN_SELF = YES;
				CLANG_WARN_OBJC_LITERAL_CONVERSION = YES;
				CLANG_WARN_OBJC_ROOT_CLASS = YES_ERROR;
				CLANG_WARN_QUOTED_INCLUDE_IN_FRAMEWORK_HEADER = YES;
				CLANG_WARN_RANGE_LOOP_ANALYSIS = YES;
				CLANG_WARN_STRICT_PROTOTYPES = YES;
				CLANG_WARN_SUSPICIOUS_MOVE = YES;
				CLANG_WARN_UNGUARDED_AVAILABILITY = YES_AGGRESSIVE;
				CLANG_WARN_UNREACHABLE_CODE = YES;
				CLANG_WARN__DUPLICATE_METHOD_MATCH = YES;
				COPY_PHASE_STRIP = NO;
				DEBUG_INFORMATION_FORMAT = dwarf;
				ENABLE_STRICT_OBJC_MSGSEND = YES;
				ENABLE_TESTABILITY = YES;
				GCC_C_LANGUAGE_STANDARD = gnu11;
				GCC_DYNAMIC_NO_PIC = NO;
				GCC_NO_COMMON_BLOCKS = YES;
				GCC_OPTIMIZATION_LEVEL = 0;
				GCC_PREPROCESSOR_DEFINITIONS = (
					"DEBUG=1",
					"$(inherited)",
				);
				GCC_WARN_64_TO_32_BIT_CONVERSION = YES;
				GCC_WARN_ABOUT_RETURN_TYPE = YES_ERROR;
				GCC_WARN_UNDECLARED_SELECTOR = YES;
				GCC_WARN_UNINITIALIZED_AUTOS = YES_AGGRESSIVE;
				GCC_WARN_UNUSED_FUNCTION = YES;
				GCC_WARN_UNUSED_VARIABLE = YES;
				IPHONEOS_DEPLOYMENT_TARGET = 15.5;
				MTL_ENABLE_DEBUG_INFO = INCLUDE_SOURCE;
				MTL_FAST_MATH = YES;
				ONLY_ACTIVE_ARCH = YES;
				SDKROOT = iphoneos;
				SWIFT_ACTIVE_COMPILATION_CONDITIONS = DEBUG;
				SWIFT_OPTIMIZATION_LEVEL = "-Onone";
			};
			name = Debug;
		};
		E291E8D028A0406F008F0C0C /* Release */ = {
			isa = XCBuildConfiguration;
			buildSettings = {
				ALWAYS_SEARCH_USER_PATHS = NO;
				CLANG_ANALYZER_NONNULL = YES;
				CLANG_ANALYZER_NUMBER_OBJECT_CONVERSION = YES_AGGRESSIVE;
				CLANG_CXX_LANGUAGE_STANDARD = "gnu++17";
				CLANG_ENABLE_MODULES = YES;
				CLANG_ENABLE_OBJC_ARC = YES;
				CLANG_ENABLE_OBJC_WEAK = YES;
				CLANG_WARN_BLOCK_CAPTURE_AUTORELEASING = YES;
				CLANG_WARN_BOOL_CONVERSION = YES;
				CLANG_WARN_COMMA = YES;
				CLANG_WARN_CONSTANT_CONVERSION = YES;
				CLANG_WARN_DEPRECATED_OBJC_IMPLEMENTATIONS = YES;
				CLANG_WARN_DIRECT_OBJC_ISA_USAGE = YES_ERROR;
				CLANG_WARN_DOCUMENTATION_COMMENTS = YES;
				CLANG_WARN_EMPTY_BODY = YES;
				CLANG_WARN_ENUM_CONVERSION = YES;
				CLANG_WARN_INFINITE_RECURSION = YES;
				CLANG_WARN_INT_CONVERSION = YES;
				CLANG_WARN_NON_LITERAL_NULL_CONVERSION = YES;
				CLANG_WARN_OBJC_IMPLICIT_RETAIN_SELF = YES;
				CLANG_WARN_OBJC_LITERAL_CONVERSION = YES;
				CLANG_WARN_OBJC_ROOT_CLASS = YES_ERROR;
				CLANG_WARN_QUOTED_INCLUDE_IN_FRAMEWORK_HEADER = YES;
				CLANG_WARN_RANGE_LOOP_ANALYSIS = YES;
				CLANG_WARN_STRICT_PROTOTYPES = YES;
				CLANG_WARN_SUSPICIOUS_MOVE = YES;
				CLANG_WARN_UNGUARDED_AVAILABILITY = YES_AGGRESSIVE;
				CLANG_WARN_UNREACHABLE_CODE = YES;
				CLANG_WARN__DUPLICATE_METHOD_MATCH = YES;
				COPY_PHASE_STRIP = NO;
				DEBUG_INFORMATION_FORMAT = "dwarf-with-dsym";
				ENABLE_NS_ASSERTIONS = NO;
				ENABLE_STRICT_OBJC_MSGSEND = YES;
				GCC_C_LANGUAGE_STANDARD = gnu11;
				GCC_NO_COMMON_BLOCKS = YES;
				GCC_WARN_64_TO_32_BIT_CONVERSION = YES;
				GCC_WARN_ABOUT_RETURN_TYPE = YES_ERROR;
				GCC_WARN_UNDECLARED_SELECTOR = YES;
				GCC_WARN_UNINITIALIZED_AUTOS = YES_AGGRESSIVE;
				GCC_WARN_UNUSED_FUNCTION = YES;
				GCC_WARN_UNUSED_VARIABLE = YES;
				IPHONEOS_DEPLOYMENT_TARGET = 15.5;
				MTL_ENABLE_DEBUG_INFO = NO;
				MTL_FAST_MATH = YES;
				SDKROOT = iphoneos;
				SWIFT_COMPILATION_MODE = wholemodule;
				SWIFT_OPTIMIZATION_LEVEL = "-O";
				VALIDATE_PRODUCT = YES;
			};
			name = Release;
		};
		E291E8D228A0406F008F0C0C /* Debug */ = {
			isa = XCBuildConfiguration;
			buildSettings = {
				ASSETCATALOG_COMPILER_APPICON_NAME = AppIcon;
				ASSETCATALOG_COMPILER_GLOBAL_ACCENT_COLOR_NAME = AccentColor;
				CODE_SIGN_STYLE = Automatic;
				CURRENT_PROJECT_VERSION = 1;
				DEVELOPMENT_TEAM = 66STM82H6X;
				GENERATE_INFOPLIST_FILE = YES;
				INFOPLIST_FILE = YoMarks/Resources/Info.plist;
				INFOPLIST_KEY_CFBundleDisplayName = YoMarks;
				INFOPLIST_KEY_UIApplicationSupportsIndirectInputEvents = YES;
				INFOPLIST_KEY_UILaunchStoryboardName = LaunchScreen;
				INFOPLIST_KEY_UISupportedInterfaceOrientations = UIInterfaceOrientationPortrait;
				INFOPLIST_KEY_UISupportedInterfaceOrientations_iPad = "UIInterfaceOrientationPortrait UIInterfaceOrientationPortraitUpsideDown UIInterfaceOrientationLandscapeLeft UIInterfaceOrientationLandscapeRight";
				INFOPLIST_KEY_UISupportedInterfaceOrientations_iPhone = "UIInterfaceOrientationPortrait UIInterfaceOrientationLandscapeLeft UIInterfaceOrientationLandscapeRight";
				LD_RUNPATH_SEARCH_PATHS = (
					"$(inherited)",
					"@executable_path/Frameworks",
				);
				MARKETING_VERSION = 1.0;
				PRODUCT_BUNDLE_IDENTIFIER = com.maxbotalov.YoMarks;
				PRODUCT_NAME = "$(TARGET_NAME)";
				SWIFT_EMIT_LOC_STRINGS = YES;
				SWIFT_VERSION = 5.0;
				TARGETED_DEVICE_FAMILY = 1;
			};
			name = Debug;
		};
		E291E8D328A0406F008F0C0C /* Release */ = {
			isa = XCBuildConfiguration;
			buildSettings = {
				ASSETCATALOG_COMPILER_APPICON_NAME = AppIcon;
				ASSETCATALOG_COMPILER_GLOBAL_ACCENT_COLOR_NAME = AccentColor;
				CODE_SIGN_STYLE = Automatic;
				CURRENT_PROJECT_VERSION = 1;
				DEVELOPMENT_TEAM = F5FNT6V2V7;
				GENERATE_INFOPLIST_FILE = YES;
				INFOPLIST_FILE = YoMarks/Resources/Info.plist;
				INFOPLIST_KEY_CFBundleDisplayName = YoMarks;
				INFOPLIST_KEY_UIApplicationSupportsIndirectInputEvents = YES;
				INFOPLIST_KEY_UILaunchStoryboardName = LaunchScreen;
				INFOPLIST_KEY_UISupportedInterfaceOrientations = UIInterfaceOrientationPortrait;
				INFOPLIST_KEY_UISupportedInterfaceOrientations_iPad = "UIInterfaceOrientationPortrait UIInterfaceOrientationPortraitUpsideDown UIInterfaceOrientationLandscapeLeft UIInterfaceOrientationLandscapeRight";
				INFOPLIST_KEY_UISupportedInterfaceOrientations_iPhone = "UIInterfaceOrientationPortrait UIInterfaceOrientationLandscapeLeft UIInterfaceOrientationLandscapeRight";
				LD_RUNPATH_SEARCH_PATHS = (
					"$(inherited)",
					"@executable_path/Frameworks",
				);
				MARKETING_VERSION = 1.0;
				PRODUCT_BUNDLE_IDENTIFIER = com.maxbotalov.YoMarks;
				PRODUCT_NAME = "$(TARGET_NAME)";
				SWIFT_EMIT_LOC_STRINGS = YES;
				SWIFT_VERSION = 5.0;
				TARGETED_DEVICE_FAMILY = 1;
			};
			name = Release;
		};
/* End XCBuildConfiguration section */

/* Begin XCConfigurationList section */
		E291E8B828A0406C008F0C0C /* Build configuration list for PBXProject "YoMarks" */ = {
			isa = XCConfigurationList;
			buildConfigurations = (
				E291E8CF28A0406F008F0C0C /* Debug */,
				E291E8D028A0406F008F0C0C /* Release */,
			);
			defaultConfigurationIsVisible = 0;
			defaultConfigurationName = Release;
		};
		E291E8D128A0406F008F0C0C /* Build configuration list for PBXNativeTarget "YoMarks" */ = {
			isa = XCConfigurationList;
			buildConfigurations = (
				E291E8D228A0406F008F0C0C /* Debug */,
				E291E8D328A0406F008F0C0C /* Release */,
			);
			defaultConfigurationIsVisible = 0;
			defaultConfigurationName = Release;
		};
/* End XCConfigurationList section */

/* Begin XCRemoteSwiftPackageReference section */
		E291E8E128A04991008F0C0C /* XCRemoteSwiftPackageReference "firebase-ios-sdk" */ = {
			isa = XCRemoteSwiftPackageReference;
			repositoryURL = "https://github.com/firebase/firebase-ios-sdk";
			requirement = {
				kind = upToNextMajorVersion;
				minimumVersion = 9.0.0;
			};
		};
		E2F8B8F128A115E9006AB44F /* XCRemoteSwiftPackageReference "firebase-ios-sdk" */ = {
			isa = XCRemoteSwiftPackageReference;
			repositoryURL = "https://github.com/firebase/firebase-ios-sdk";
			requirement = {
				branch = master;
				kind = branch;
			};
		};
/* End XCRemoteSwiftPackageReference section */

/* Begin XCSwiftPackageProductDependency section */
		E291E8E228A04991008F0C0C /* FirebaseAuth */ = {
			isa = XCSwiftPackageProductDependency;
			package = E291E8E128A04991008F0C0C /* XCRemoteSwiftPackageReference "firebase-ios-sdk" */;
			productName = FirebaseAuth;
		};
		E291E8E428A04991008F0C0C /* FirebaseDatabase */ = {
			isa = XCSwiftPackageProductDependency;
			package = E291E8E128A04991008F0C0C /* XCRemoteSwiftPackageReference "firebase-ios-sdk" */;
			productName = FirebaseDatabase;
		};
		E291E8E628A04991008F0C0C /* FirebaseFirestore */ = {
			isa = XCSwiftPackageProductDependency;
			package = E291E8E128A04991008F0C0C /* XCRemoteSwiftPackageReference "firebase-ios-sdk" */;
			productName = FirebaseFirestore;
		};
		E291E8E828A04991008F0C0C /* FirebaseStorage */ = {
			isa = XCSwiftPackageProductDependency;
			package = E291E8E128A04991008F0C0C /* XCRemoteSwiftPackageReference "firebase-ios-sdk" */;
			productName = FirebaseStorage;
		};
		E2F8B8F228A115E9006AB44F /* FirebaseAuth */ = {
			isa = XCSwiftPackageProductDependency;
			package = E2F8B8F128A115E9006AB44F /* XCRemoteSwiftPackageReference "firebase-ios-sdk" */;
			productName = FirebaseAuth;
		};
		E2F8B8F428A115E9006AB44F /* FirebaseDatabase */ = {
			isa = XCSwiftPackageProductDependency;
			package = E2F8B8F128A115E9006AB44F /* XCRemoteSwiftPackageReference "firebase-ios-sdk" */;
			productName = FirebaseDatabase;
		};
		E2F8B8F628A115E9006AB44F /* FirebaseFirestore */ = {
			isa = XCSwiftPackageProductDependency;
			package = E2F8B8F128A115E9006AB44F /* XCRemoteSwiftPackageReference "firebase-ios-sdk" */;
			productName = FirebaseFirestore;
		};
		E2F8B8F828A115E9006AB44F /* FirebaseStorage */ = {
			isa = XCSwiftPackageProductDependency;
			package = E2F8B8F128A115E9006AB44F /* XCRemoteSwiftPackageReference "firebase-ios-sdk" */;
			productName = FirebaseStorage;
		};
/* End XCSwiftPackageProductDependency section */
	};
	rootObject = E291E8B528A0406C008F0C0C /* Project object */;
}
